// !$*UTF8*$!
{
	archiveVersion = 1;
	classes = {
	};
	objectVersion = 50;
	objects = {

/* Begin PBXBuildFile section */
		9B9C6CD225EF7272008FC649 /* libyuv.h in Headers */ = {isa = PBXBuildFile; fileRef = 9B9C6C9025EF7272008FC649 /* libyuv.h */; };
		9B9C6CD325EF7272008FC649 /* scale_row.h in Headers */ = {isa = PBXBuildFile; fileRef = 9B9C6C9225EF7272008FC649 /* scale_row.h */; };
		9B9C6CD425EF7272008FC649 /* scale.h in Headers */ = {isa = PBXBuildFile; fileRef = 9B9C6C9325EF7272008FC649 /* scale.h */; };
		9B9C6CD525EF7272008FC649 /* version.h in Headers */ = {isa = PBXBuildFile; fileRef = 9B9C6C9425EF7272008FC649 /* version.h */; };
		9B9C6CD625EF7272008FC649 /* cpu_id.h in Headers */ = {isa = PBXBuildFile; fileRef = 9B9C6C9525EF7272008FC649 /* cpu_id.h */; };
		9B9C6CD725EF7272008FC649 /* video_common.h in Headers */ = {isa = PBXBuildFile; fileRef = 9B9C6C9625EF7272008FC649 /* video_common.h */; };
		9B9C6CD825EF7272008FC649 /* compare_row.h in Headers */ = {isa = PBXBuildFile; fileRef = 9B9C6C9725EF7272008FC649 /* compare_row.h */; };
		9B9C6CD925EF7272008FC649 /* mjpeg_decoder.h in Headers */ = {isa = PBXBuildFile; fileRef = 9B9C6C9825EF7272008FC649 /* mjpeg_decoder.h */; };
		9B9C6CDA25EF7272008FC649 /* rotate_row.h in Headers */ = {isa = PBXBuildFile; fileRef = 9B9C6C9925EF7272008FC649 /* rotate_row.h */; };
		9B9C6CDB25EF7272008FC649 /* planar_functions.h in Headers */ = {isa = PBXBuildFile; fileRef = 9B9C6C9A25EF7272008FC649 /* planar_functions.h */; };
		9B9C6CDC25EF7272008FC649 /* scale_argb.h in Headers */ = {isa = PBXBuildFile; fileRef = 9B9C6C9B25EF7272008FC649 /* scale_argb.h */; };
		9B9C6CDD25EF7272008FC649 /* compare.h in Headers */ = {isa = PBXBuildFile; fileRef = 9B9C6C9C25EF7272008FC649 /* compare.h */; };
		9B9C6CDE25EF7272008FC649 /* convert_argb.h in Headers */ = {isa = PBXBuildFile; fileRef = 9B9C6C9D25EF7272008FC649 /* convert_argb.h */; };
		9B9C6CDF25EF7272008FC649 /* rotate.h in Headers */ = {isa = PBXBuildFile; fileRef = 9B9C6C9E25EF7272008FC649 /* rotate.h */; };
		9B9C6CE025EF7272008FC649 /* convert_from_argb.h in Headers */ = {isa = PBXBuildFile; fileRef = 9B9C6C9F25EF7272008FC649 /* convert_from_argb.h */; };
		9B9C6CE125EF7272008FC649 /* basic_types.h in Headers */ = {isa = PBXBuildFile; fileRef = 9B9C6CA025EF7272008FC649 /* basic_types.h */; };
		9B9C6CE225EF7272008FC649 /* convert_from.h in Headers */ = {isa = PBXBuildFile; fileRef = 9B9C6CA125EF7272008FC649 /* convert_from.h */; };
		9B9C6CE325EF7272008FC649 /* convert.h in Headers */ = {isa = PBXBuildFile; fileRef = 9B9C6CA225EF7272008FC649 /* convert.h */; };
		9B9C6CE425EF7272008FC649 /* rotate_argb.h in Headers */ = {isa = PBXBuildFile; fileRef = 9B9C6CA325EF7272008FC649 /* rotate_argb.h */; };
		9B9C6CE525EF7272008FC649 /* row.h in Headers */ = {isa = PBXBuildFile; fileRef = 9B9C6CA425EF7272008FC649 /* row.h */; };
		9B9C6CE625EF7272008FC649 /* rotate_common.cc in Sources */ = {isa = PBXBuildFile; fileRef = 9B9C6CA625EF7272008FC649 /* rotate_common.cc */; };
		9B9C6CE725EF7272008FC649 /* rotate_any.cc in Sources */ = {isa = PBXBuildFile; fileRef = 9B9C6CA725EF7272008FC649 /* rotate_any.cc */; };
		9B9C6CE825EF7272008FC649 /* rotate.cc in Sources */ = {isa = PBXBuildFile; fileRef = 9B9C6CA825EF7272008FC649 /* rotate.cc */; };
		9B9C6CE925EF7272008FC649 /* scale_gcc.cc in Sources */ = {isa = PBXBuildFile; fileRef = 9B9C6CA925EF7272008FC649 /* scale_gcc.cc */; };
		9B9C6CEA25EF7272008FC649 /* convert_jpeg.cc in Sources */ = {isa = PBXBuildFile; fileRef = 9B9C6CAA25EF7272008FC649 /* convert_jpeg.cc */; };
		9B9C6CEB25EF7272008FC649 /* compare_win.cc in Sources */ = {isa = PBXBuildFile; fileRef = 9B9C6CAB25EF7272008FC649 /* compare_win.cc */; };
		9B9C6CEC25EF7272008FC649 /* cpu_id.cc in Sources */ = {isa = PBXBuildFile; fileRef = 9B9C6CAC25EF7272008FC649 /* cpu_id.cc */; };
		9B9C6CED25EF7272008FC649 /* row_win.cc in Sources */ = {isa = PBXBuildFile; fileRef = 9B9C6CAD25EF7272008FC649 /* row_win.cc */; };
		9B9C6CEE25EF7272008FC649 /* mjpeg_decoder.cc in Sources */ = {isa = PBXBuildFile; fileRef = 9B9C6CAE25EF7272008FC649 /* mjpeg_decoder.cc */; };
		9B9C6CEF25EF7272008FC649 /* row_neon.cc in Sources */ = {isa = PBXBuildFile; fileRef = 9B9C6CAF25EF7272008FC649 /* row_neon.cc */; };
		9B9C6CF025EF7272008FC649 /* rotate_neon64.cc in Sources */ = {isa = PBXBuildFile; fileRef = 9B9C6CB025EF7272008FC649 /* rotate_neon64.cc */; };
		9B9C6CF125EF7272008FC649 /* scale.cc in Sources */ = {isa = PBXBuildFile; fileRef = 9B9C6CB125EF7272008FC649 /* scale.cc */; };
		9B9C6CF225EF7272008FC649 /* compare.cc in Sources */ = {isa = PBXBuildFile; fileRef = 9B9C6CB225EF7272008FC649 /* compare.cc */; };
		9B9C6CF325EF7272008FC649 /* row_neon64.cc in Sources */ = {isa = PBXBuildFile; fileRef = 9B9C6CB325EF7272008FC649 /* row_neon64.cc */; };
		9B9C6CF425EF7272008FC649 /* convert_from_argb.cc in Sources */ = {isa = PBXBuildFile; fileRef = 9B9C6CB425EF7272008FC649 /* convert_from_argb.cc */; };
		9B9C6CF525EF7272008FC649 /* planar_functions.cc in Sources */ = {isa = PBXBuildFile; fileRef = 9B9C6CB525EF7272008FC649 /* planar_functions.cc */; };
		9B9C6CF625EF7272008FC649 /* convert_argb.cc in Sources */ = {isa = PBXBuildFile; fileRef = 9B9C6CB625EF7272008FC649 /* convert_argb.cc */; };
		9B9C6CF725EF7272008FC649 /* rotate_mips.cc in Sources */ = {isa = PBXBuildFile; fileRef = 9B9C6CB725EF7272008FC649 /* rotate_mips.cc */; };
		9B9C6CF825EF7272008FC649 /* scale_mips.cc in Sources */ = {isa = PBXBuildFile; fileRef = 9B9C6CB825EF7272008FC649 /* scale_mips.cc */; };
		9B9C6CF925EF7272008FC649 /* row_common.cc in Sources */ = {isa = PBXBuildFile; fileRef = 9B9C6CB925EF7272008FC649 /* row_common.cc */; };
		9B9C6CFA25EF7272008FC649 /* scale_any.cc in Sources */ = {isa = PBXBuildFile; fileRef = 9B9C6CBA25EF7272008FC649 /* scale_any.cc */; };
		9B9C6CFB25EF7272008FC649 /* rotate_gcc.cc in Sources */ = {isa = PBXBuildFile; fileRef = 9B9C6CBB25EF7272008FC649 /* rotate_gcc.cc */; };
		9B9C6CFC25EF7272008FC649 /* convert.cc in Sources */ = {isa = PBXBuildFile; fileRef = 9B9C6CBC25EF7272008FC649 /* convert.cc */; };
		9B9C6CFD25EF7272008FC649 /* convert_from.cc in Sources */ = {isa = PBXBuildFile; fileRef = 9B9C6CBD25EF7272008FC649 /* convert_from.cc */; };
		9B9C6CFE25EF7272008FC649 /* scale_common.cc in Sources */ = {isa = PBXBuildFile; fileRef = 9B9C6CBE25EF7272008FC649 /* scale_common.cc */; };
		9B9C6CFF25EF7272008FC649 /* row_mips.cc in Sources */ = {isa = PBXBuildFile; fileRef = 9B9C6CBF25EF7272008FC649 /* row_mips.cc */; };
		9B9C6D0025EF7272008FC649 /* row_any.cc in Sources */ = {isa = PBXBuildFile; fileRef = 9B9C6CC025EF7272008FC649 /* row_any.cc */; };
		9B9C6D0125EF7272008FC649 /* convert_to_argb.cc in Sources */ = {isa = PBXBuildFile; fileRef = 9B9C6CC125EF7272008FC649 /* convert_to_argb.cc */; };
		9B9C6D0225EF7272008FC649 /* compare_neon.cc in Sources */ = {isa = PBXBuildFile; fileRef = 9B9C6CC225EF7272008FC649 /* compare_neon.cc */; };
		9B9C6D0325EF7272008FC649 /* rotate_win.cc in Sources */ = {isa = PBXBuildFile; fileRef = 9B9C6CC325EF7272008FC649 /* rotate_win.cc */; };
		9B9C6D0425EF7272008FC649 /* scale_neon64.cc in Sources */ = {isa = PBXBuildFile; fileRef = 9B9C6CC425EF7272008FC649 /* scale_neon64.cc */; };
		9B9C6D0525EF7273008FC649 /* mjpeg_validate.cc in Sources */ = {isa = PBXBuildFile; fileRef = 9B9C6CC525EF7272008FC649 /* mjpeg_validate.cc */; };
		9B9C6D0625EF7273008FC649 /* scale_win.cc in Sources */ = {isa = PBXBuildFile; fileRef = 9B9C6CC625EF7272008FC649 /* scale_win.cc */; };
		9B9C6D0725EF7273008FC649 /* compare_common.cc in Sources */ = {isa = PBXBuildFile; fileRef = 9B9C6CC725EF7272008FC649 /* compare_common.cc */; };
		9B9C6D0825EF7273008FC649 /* scale_neon.cc in Sources */ = {isa = PBXBuildFile; fileRef = 9B9C6CC825EF7272008FC649 /* scale_neon.cc */; };
		9B9C6D0925EF7273008FC649 /* rotate_neon.cc in Sources */ = {isa = PBXBuildFile; fileRef = 9B9C6CC925EF7272008FC649 /* rotate_neon.cc */; };
		9B9C6D0A25EF7273008FC649 /* video_common.cc in Sources */ = {isa = PBXBuildFile; fileRef = 9B9C6CCA25EF7272008FC649 /* video_common.cc */; };
		9B9C6D0B25EF7273008FC649 /* convert_to_i420.cc in Sources */ = {isa = PBXBuildFile; fileRef = 9B9C6CCB25EF7272008FC649 /* convert_to_i420.cc */; };
		9B9C6D0C25EF7273008FC649 /* row_gcc.cc in Sources */ = {isa = PBXBuildFile; fileRef = 9B9C6CCC25EF7272008FC649 /* row_gcc.cc */; };
		9B9C6D0D25EF7273008FC649 /* rotate_argb.cc in Sources */ = {isa = PBXBuildFile; fileRef = 9B9C6CCD25EF7272008FC649 /* rotate_argb.cc */; };
		9B9C6D0E25EF7273008FC649 /* compare_gcc.cc in Sources */ = {isa = PBXBuildFile; fileRef = 9B9C6CCE25EF7272008FC649 /* compare_gcc.cc */; };
		9B9C6D0F25EF7273008FC649 /* compare_neon64.cc in Sources */ = {isa = PBXBuildFile; fileRef = 9B9C6CCF25EF7272008FC649 /* compare_neon64.cc */; };
		9B9C6D1025EF7273008FC649 /* scale_argb.cc in Sources */ = {isa = PBXBuildFile; fileRef = 9B9C6CD025EF7272008FC649 /* scale_argb.cc */; };
		9B9C6D1925EF7370008FC649 /* YZLibyuv.h in Headers */ = {isa = PBXBuildFile; fileRef = 9B9C6D1725EF7370008FC649 /* YZLibyuv.h */; settings = {ATTRIBUTES = (Public, ); }; };
		9B9C6D1A25EF7370008FC649 /* YZLibyuv.m in Sources */ = {isa = PBXBuildFile; fileRef = 9B9C6D1825EF7370008FC649 /* YZLibyuv.m */; };
		9B9C6D5725EF90B8008FC649 /* YZLibVideoData.h in Headers */ = {isa = PBXBuildFile; fileRef = 9B9C6D5525EF90B8008FC649 /* YZLibVideoData.h */; settings = {ATTRIBUTES = (Public, ); }; };
		9B9C6D5825EF90B8008FC649 /* YZLibVideoData.m in Sources */ = {isa = PBXBuildFile; fileRef = 9B9C6D5625EF90B8008FC649 /* YZLibVideoData.m */; };
		9B9C6D5E25EF92CE008FC649 /* YZLibyuvTool.h in Headers */ = {isa = PBXBuildFile; fileRef = 9B9C6D5C25EF92CE008FC649 /* YZLibyuvTool.h */; };
		9B9C6D5F25EF92CE008FC649 /* YZLibyuvTool.mm in Sources */ = {isa = PBXBuildFile; fileRef = 9B9C6D5D25EF92CE008FC649 /* YZLibyuvTool.mm */; };
		9B9C6D6425EF92FF008FC649 /* LibyuvBGRAPixelBuffer.h in Headers */ = {isa = PBXBuildFile; fileRef = 9B9C6D6225EF92FF008FC649 /* LibyuvBGRAPixelBuffer.h */; };
		9B9C6D6525EF92FF008FC649 /* LibyuvBGRAPixelBuffer.m in Sources */ = {isa = PBXBuildFile; fileRef = 9B9C6D6325EF92FF008FC649 /* LibyuvBGRAPixelBuffer.m */; };
		9B9C6D6A25EF9444008FC649 /* YZLibyuvPixelBuffer.h in Headers */ = {isa = PBXBuildFile; fileRef = 9B9C6D6825EF9444008FC649 /* YZLibyuvPixelBuffer.h */; };
		9B9C6D6B25EF9444008FC649 /* YZLibyuvPixelBuffer.m in Sources */ = {isa = PBXBuildFile; fileRef = 9B9C6D6925EF9444008FC649 /* YZLibyuvPixelBuffer.m */; };
		9BCACCED25F0B515007307E5 /* LibyuvFullRangePixelBuffer.h in Headers */ = {isa = PBXBuildFile; fileRef = 9BCACCEB25F0B515007307E5 /* LibyuvFullRangePixelBuffer.h */; };
		9BCACCEE25F0B515007307E5 /* LibyuvFullRangePixelBuffer.m in Sources */ = {isa = PBXBuildFile; fileRef = 9BCACCEC25F0B515007307E5 /* LibyuvFullRangePixelBuffer.m */; };
		9BCACCF225F0C0D2007307E5 /* LibyuvVideoRangePixelBuffer.h in Headers */ = {isa = PBXBuildFile; fileRef = 9BCACCF025F0C0D2007307E5 /* LibyuvVideoRangePixelBuffer.h */; };
		9BCACCF325F0C0D2007307E5 /* LibyuvVideoRangePixelBuffer.m in Sources */ = {isa = PBXBuildFile; fileRef = 9BCACCF125F0C0D2007307E5 /* LibyuvVideoRangePixelBuffer.m */; };
/* End PBXBuildFile section */

/* Begin PBXFileReference section */
		9B9C6C8025EF7237008FC649 /* YZLibyuv.framework */ = {isa = PBXFileReference; explicitFileType = wrapper.framework; includeInIndex = 0; path = YZLibyuv.framework; sourceTree = BUILT_PRODUCTS_DIR; };
		9B9C6C8425EF7237008FC649 /* Info.plist */ = {isa = PBXFileReference; lastKnownFileType = text.plist.xml; path = Info.plist; sourceTree = "<group>"; };
		9B9C6C9025EF7272008FC649 /* libyuv.h */ = {isa = PBXFileReference; fileEncoding = 4; lastKnownFileType = sourcecode.c.h; path = libyuv.h; sourceTree = "<group>"; };
		9B9C6C9225EF7272008FC649 /* scale_row.h */ = {isa = PBXFileReference; fileEncoding = 4; lastKnownFileType = sourcecode.c.h; path = scale_row.h; sourceTree = "<group>"; };
		9B9C6C9325EF7272008FC649 /* scale.h */ = {isa = PBXFileReference; fileEncoding = 4; lastKnownFileType = sourcecode.c.h; path = scale.h; sourceTree = "<group>"; };
		9B9C6C9425EF7272008FC649 /* version.h */ = {isa = PBXFileReference; fileEncoding = 4; lastKnownFileType = sourcecode.c.h; path = version.h; sourceTree = "<group>"; };
		9B9C6C9525EF7272008FC649 /* cpu_id.h */ = {isa = PBXFileReference; fileEncoding = 4; lastKnownFileType = sourcecode.c.h; path = cpu_id.h; sourceTree = "<group>"; };
		9B9C6C9625EF7272008FC649 /* video_common.h */ = {isa = PBXFileReference; fileEncoding = 4; lastKnownFileType = sourcecode.c.h; path = video_common.h; sourceTree = "<group>"; };
		9B9C6C9725EF7272008FC649 /* compare_row.h */ = {isa = PBXFileReference; fileEncoding = 4; lastKnownFileType = sourcecode.c.h; path = compare_row.h; sourceTree = "<group>"; };
		9B9C6C9825EF7272008FC649 /* mjpeg_decoder.h */ = {isa = PBXFileReference; fileEncoding = 4; lastKnownFileType = sourcecode.c.h; path = mjpeg_decoder.h; sourceTree = "<group>"; };
		9B9C6C9925EF7272008FC649 /* rotate_row.h */ = {isa = PBXFileReference; fileEncoding = 4; lastKnownFileType = sourcecode.c.h; path = rotate_row.h; sourceTree = "<group>"; };
		9B9C6C9A25EF7272008FC649 /* planar_functions.h */ = {isa = PBXFileReference; fileEncoding = 4; lastKnownFileType = sourcecode.c.h; path = planar_functions.h; sourceTree = "<group>"; };
		9B9C6C9B25EF7272008FC649 /* scale_argb.h */ = {isa = PBXFileReference; fileEncoding = 4; lastKnownFileType = sourcecode.c.h; path = scale_argb.h; sourceTree = "<group>"; };
		9B9C6C9C25EF7272008FC649 /* compare.h */ = {isa = PBXFileReference; fileEncoding = 4; lastKnownFileType = sourcecode.c.h; path = compare.h; sourceTree = "<group>"; };
		9B9C6C9D25EF7272008FC649 /* convert_argb.h */ = {isa = PBXFileReference; fileEncoding = 4; lastKnownFileType = sourcecode.c.h; path = convert_argb.h; sourceTree = "<group>"; };
		9B9C6C9E25EF7272008FC649 /* rotate.h */ = {isa = PBXFileReference; fileEncoding = 4; lastKnownFileType = sourcecode.c.h; path = rotate.h; sourceTree = "<group>"; };
		9B9C6C9F25EF7272008FC649 /* convert_from_argb.h */ = {isa = PBXFileReference; fileEncoding = 4; lastKnownFileType = sourcecode.c.h; path = convert_from_argb.h; sourceTree = "<group>"; };
		9B9C6CA025EF7272008FC649 /* basic_types.h */ = {isa = PBXFileReference; fileEncoding = 4; lastKnownFileType = sourcecode.c.h; path = basic_types.h; sourceTree = "<group>"; };
		9B9C6CA125EF7272008FC649 /* convert_from.h */ = {isa = PBXFileReference; fileEncoding = 4; lastKnownFileType = sourcecode.c.h; path = convert_from.h; sourceTree = "<group>"; };
		9B9C6CA225EF7272008FC649 /* convert.h */ = {isa = PBXFileReference; fileEncoding = 4; lastKnownFileType = sourcecode.c.h; path = convert.h; sourceTree = "<group>"; };
		9B9C6CA325EF7272008FC649 /* rotate_argb.h */ = {isa = PBXFileReference; fileEncoding = 4; lastKnownFileType = sourcecode.c.h; path = rotate_argb.h; sourceTree = "<group>"; };
		9B9C6CA425EF7272008FC649 /* row.h */ = {isa = PBXFileReference; fileEncoding = 4; lastKnownFileType = sourcecode.c.h; path = row.h; sourceTree = "<group>"; };
		9B9C6CA625EF7272008FC649 /* rotate_common.cc */ = {isa = PBXFileReference; fileEncoding = 4; lastKnownFileType = sourcecode.cpp.cpp; path = rotate_common.cc; sourceTree = "<group>"; };
		9B9C6CA725EF7272008FC649 /* rotate_any.cc */ = {isa = PBXFileReference; fileEncoding = 4; lastKnownFileType = sourcecode.cpp.cpp; path = rotate_any.cc; sourceTree = "<group>"; };
		9B9C6CA825EF7272008FC649 /* rotate.cc */ = {isa = PBXFileReference; fileEncoding = 4; lastKnownFileType = sourcecode.cpp.cpp; path = rotate.cc; sourceTree = "<group>"; };
		9B9C6CA925EF7272008FC649 /* scale_gcc.cc */ = {isa = PBXFileReference; fileEncoding = 4; lastKnownFileType = sourcecode.cpp.cpp; path = scale_gcc.cc; sourceTree = "<group>"; };
		9B9C6CAA25EF7272008FC649 /* convert_jpeg.cc */ = {isa = PBXFileReference; fileEncoding = 4; lastKnownFileType = sourcecode.cpp.cpp; path = convert_jpeg.cc; sourceTree = "<group>"; };
		9B9C6CAB25EF7272008FC649 /* compare_win.cc */ = {isa = PBXFileReference; fileEncoding = 4; lastKnownFileType = sourcecode.cpp.cpp; path = compare_win.cc; sourceTree = "<group>"; };
		9B9C6CAC25EF7272008FC649 /* cpu_id.cc */ = {isa = PBXFileReference; fileEncoding = 4; lastKnownFileType = sourcecode.cpp.cpp; path = cpu_id.cc; sourceTree = "<group>"; };
		9B9C6CAD25EF7272008FC649 /* row_win.cc */ = {isa = PBXFileReference; fileEncoding = 4; lastKnownFileType = sourcecode.cpp.cpp; path = row_win.cc; sourceTree = "<group>"; };
		9B9C6CAE25EF7272008FC649 /* mjpeg_decoder.cc */ = {isa = PBXFileReference; fileEncoding = 4; lastKnownFileType = sourcecode.cpp.cpp; path = mjpeg_decoder.cc; sourceTree = "<group>"; };
		9B9C6CAF25EF7272008FC649 /* row_neon.cc */ = {isa = PBXFileReference; fileEncoding = 4; lastKnownFileType = sourcecode.cpp.cpp; path = row_neon.cc; sourceTree = "<group>"; };
		9B9C6CB025EF7272008FC649 /* rotate_neon64.cc */ = {isa = PBXFileReference; fileEncoding = 4; lastKnownFileType = sourcecode.cpp.cpp; path = rotate_neon64.cc; sourceTree = "<group>"; };
		9B9C6CB125EF7272008FC649 /* scale.cc */ = {isa = PBXFileReference; fileEncoding = 4; lastKnownFileType = sourcecode.cpp.cpp; path = scale.cc; sourceTree = "<group>"; };
		9B9C6CB225EF7272008FC649 /* compare.cc */ = {isa = PBXFileReference; fileEncoding = 4; lastKnownFileType = sourcecode.cpp.cpp; path = compare.cc; sourceTree = "<group>"; };
		9B9C6CB325EF7272008FC649 /* row_neon64.cc */ = {isa = PBXFileReference; fileEncoding = 4; lastKnownFileType = sourcecode.cpp.cpp; path = row_neon64.cc; sourceTree = "<group>"; };
		9B9C6CB425EF7272008FC649 /* convert_from_argb.cc */ = {isa = PBXFileReference; fileEncoding = 4; lastKnownFileType = sourcecode.cpp.cpp; path = convert_from_argb.cc; sourceTree = "<group>"; };
		9B9C6CB525EF7272008FC649 /* planar_functions.cc */ = {isa = PBXFileReference; fileEncoding = 4; lastKnownFileType = sourcecode.cpp.cpp; path = planar_functions.cc; sourceTree = "<group>"; };
		9B9C6CB625EF7272008FC649 /* convert_argb.cc */ = {isa = PBXFileReference; fileEncoding = 4; lastKnownFileType = sourcecode.cpp.cpp; path = convert_argb.cc; sourceTree = "<group>"; };
		9B9C6CB725EF7272008FC649 /* rotate_mips.cc */ = {isa = PBXFileReference; fileEncoding = 4; lastKnownFileType = sourcecode.cpp.cpp; path = rotate_mips.cc; sourceTree = "<group>"; };
		9B9C6CB825EF7272008FC649 /* scale_mips.cc */ = {isa = PBXFileReference; fileEncoding = 4; lastKnownFileType = sourcecode.cpp.cpp; path = scale_mips.cc; sourceTree = "<group>"; };
		9B9C6CB925EF7272008FC649 /* row_common.cc */ = {isa = PBXFileReference; fileEncoding = 4; lastKnownFileType = sourcecode.cpp.cpp; path = row_common.cc; sourceTree = "<group>"; };
		9B9C6CBA25EF7272008FC649 /* scale_any.cc */ = {isa = PBXFileReference; fileEncoding = 4; lastKnownFileType = sourcecode.cpp.cpp; path = scale_any.cc; sourceTree = "<group>"; };
		9B9C6CBB25EF7272008FC649 /* rotate_gcc.cc */ = {isa = PBXFileReference; fileEncoding = 4; lastKnownFileType = sourcecode.cpp.cpp; path = rotate_gcc.cc; sourceTree = "<group>"; };
		9B9C6CBC25EF7272008FC649 /* convert.cc */ = {isa = PBXFileReference; fileEncoding = 4; lastKnownFileType = sourcecode.cpp.cpp; path = convert.cc; sourceTree = "<group>"; };
		9B9C6CBD25EF7272008FC649 /* convert_from.cc */ = {isa = PBXFileReference; fileEncoding = 4; lastKnownFileType = sourcecode.cpp.cpp; path = convert_from.cc; sourceTree = "<group>"; };
		9B9C6CBE25EF7272008FC649 /* scale_common.cc */ = {isa = PBXFileReference; fileEncoding = 4; lastKnownFileType = sourcecode.cpp.cpp; path = scale_common.cc; sourceTree = "<group>"; };
		9B9C6CBF25EF7272008FC649 /* row_mips.cc */ = {isa = PBXFileReference; fileEncoding = 4; lastKnownFileType = sourcecode.cpp.cpp; path = row_mips.cc; sourceTree = "<group>"; };
		9B9C6CC025EF7272008FC649 /* row_any.cc */ = {isa = PBXFileReference; fileEncoding = 4; lastKnownFileType = sourcecode.cpp.cpp; path = row_any.cc; sourceTree = "<group>"; };
		9B9C6CC125EF7272008FC649 /* convert_to_argb.cc */ = {isa = PBXFileReference; fileEncoding = 4; lastKnownFileType = sourcecode.cpp.cpp; path = convert_to_argb.cc; sourceTree = "<group>"; };
		9B9C6CC225EF7272008FC649 /* compare_neon.cc */ = {isa = PBXFileReference; fileEncoding = 4; lastKnownFileType = sourcecode.cpp.cpp; path = compare_neon.cc; sourceTree = "<group>"; };
		9B9C6CC325EF7272008FC649 /* rotate_win.cc */ = {isa = PBXFileReference; fileEncoding = 4; lastKnownFileType = sourcecode.cpp.cpp; path = rotate_win.cc; sourceTree = "<group>"; };
		9B9C6CC425EF7272008FC649 /* scale_neon64.cc */ = {isa = PBXFileReference; fileEncoding = 4; lastKnownFileType = sourcecode.cpp.cpp; path = scale_neon64.cc; sourceTree = "<group>"; };
		9B9C6CC525EF7272008FC649 /* mjpeg_validate.cc */ = {isa = PBXFileReference; fileEncoding = 4; lastKnownFileType = sourcecode.cpp.cpp; path = mjpeg_validate.cc; sourceTree = "<group>"; };
		9B9C6CC625EF7272008FC649 /* scale_win.cc */ = {isa = PBXFileReference; fileEncoding = 4; lastKnownFileType = sourcecode.cpp.cpp; path = scale_win.cc; sourceTree = "<group>"; };
		9B9C6CC725EF7272008FC649 /* compare_common.cc */ = {isa = PBXFileReference; fileEncoding = 4; lastKnownFileType = sourcecode.cpp.cpp; path = compare_common.cc; sourceTree = "<group>"; };
		9B9C6CC825EF7272008FC649 /* scale_neon.cc */ = {isa = PBXFileReference; fileEncoding = 4; lastKnownFileType = sourcecode.cpp.cpp; path = scale_neon.cc; sourceTree = "<group>"; };
		9B9C6CC925EF7272008FC649 /* rotate_neon.cc */ = {isa = PBXFileReference; fileEncoding = 4; lastKnownFileType = sourcecode.cpp.cpp; path = rotate_neon.cc; sourceTree = "<group>"; };
		9B9C6CCA25EF7272008FC649 /* video_common.cc */ = {isa = PBXFileReference; fileEncoding = 4; lastKnownFileType = sourcecode.cpp.cpp; path = video_common.cc; sourceTree = "<group>"; };
		9B9C6CCB25EF7272008FC649 /* convert_to_i420.cc */ = {isa = PBXFileReference; fileEncoding = 4; lastKnownFileType = sourcecode.cpp.cpp; path = convert_to_i420.cc; sourceTree = "<group>"; };
		9B9C6CCC25EF7272008FC649 /* row_gcc.cc */ = {isa = PBXFileReference; fileEncoding = 4; lastKnownFileType = sourcecode.cpp.cpp; path = row_gcc.cc; sourceTree = "<group>"; };
		9B9C6CCD25EF7272008FC649 /* rotate_argb.cc */ = {isa = PBXFileReference; fileEncoding = 4; lastKnownFileType = sourcecode.cpp.cpp; path = rotate_argb.cc; sourceTree = "<group>"; };
		9B9C6CCE25EF7272008FC649 /* compare_gcc.cc */ = {isa = PBXFileReference; fileEncoding = 4; lastKnownFileType = sourcecode.cpp.cpp; path = compare_gcc.cc; sourceTree = "<group>"; };
		9B9C6CCF25EF7272008FC649 /* compare_neon64.cc */ = {isa = PBXFileReference; fileEncoding = 4; lastKnownFileType = sourcecode.cpp.cpp; path = compare_neon64.cc; sourceTree = "<group>"; };
		9B9C6CD025EF7272008FC649 /* scale_argb.cc */ = {isa = PBXFileReference; fileEncoding = 4; lastKnownFileType = sourcecode.cpp.cpp; path = scale_argb.cc; sourceTree = "<group>"; };
		9B9C6D1725EF7370008FC649 /* YZLibyuv.h */ = {isa = PBXFileReference; lastKnownFileType = sourcecode.c.h; path = YZLibyuv.h; sourceTree = "<group>"; };
		9B9C6D1825EF7370008FC649 /* YZLibyuv.m */ = {isa = PBXFileReference; lastKnownFileType = sourcecode.c.objc; path = YZLibyuv.m; sourceTree = "<group>"; };
		9B9C6D5525EF90B8008FC649 /* YZLibVideoData.h */ = {isa = PBXFileReference; lastKnownFileType = sourcecode.c.h; path = YZLibVideoData.h; sourceTree = "<group>"; };
		9B9C6D5625EF90B8008FC649 /* YZLibVideoData.m */ = {isa = PBXFileReference; lastKnownFileType = sourcecode.c.objc; path = YZLibVideoData.m; sourceTree = "<group>"; };
		9B9C6D5C25EF92CE008FC649 /* YZLibyuvTool.h */ = {isa = PBXFileReference; lastKnownFileType = sourcecode.c.h; path = YZLibyuvTool.h; sourceTree = "<group>"; };
		9B9C6D5D25EF92CE008FC649 /* YZLibyuvTool.mm */ = {isa = PBXFileReference; lastKnownFileType = sourcecode.cpp.objcpp; path = YZLibyuvTool.mm; sourceTree = "<group>"; };
		9B9C6D6225EF92FF008FC649 /* LibyuvBGRAPixelBuffer.h */ = {isa = PBXFileReference; lastKnownFileType = sourcecode.c.h; path = LibyuvBGRAPixelBuffer.h; sourceTree = "<group>"; };
		9B9C6D6325EF92FF008FC649 /* LibyuvBGRAPixelBuffer.m */ = {isa = PBXFileReference; lastKnownFileType = sourcecode.c.objc; path = LibyuvBGRAPixelBuffer.m; sourceTree = "<group>"; };
		9B9C6D6825EF9444008FC649 /* YZLibyuvPixelBuffer.h */ = {isa = PBXFileReference; lastKnownFileType = sourcecode.c.h; path = YZLibyuvPixelBuffer.h; sourceTree = "<group>"; };
		9B9C6D6925EF9444008FC649 /* YZLibyuvPixelBuffer.m */ = {isa = PBXFileReference; lastKnownFileType = sourcecode.c.objc; path = YZLibyuvPixelBuffer.m; sourceTree = "<group>"; };
		9BCACCEB25F0B515007307E5 /* LibyuvFullRangePixelBuffer.h */ = {isa = PBXFileReference; lastKnownFileType = sourcecode.c.h; path = LibyuvFullRangePixelBuffer.h; sourceTree = "<group>"; };
		9BCACCEC25F0B515007307E5 /* LibyuvFullRangePixelBuffer.m */ = {isa = PBXFileReference; lastKnownFileType = sourcecode.c.objc; path = LibyuvFullRangePixelBuffer.m; sourceTree = "<group>"; };
		9BCACCF025F0C0D2007307E5 /* LibyuvVideoRangePixelBuffer.h */ = {isa = PBXFileReference; lastKnownFileType = sourcecode.c.h; path = LibyuvVideoRangePixelBuffer.h; sourceTree = "<group>"; };
		9BCACCF125F0C0D2007307E5 /* LibyuvVideoRangePixelBuffer.m */ = {isa = PBXFileReference; lastKnownFileType = sourcecode.c.objc; path = LibyuvVideoRangePixelBuffer.m; sourceTree = "<group>"; };
/* End PBXFileReference section */

/* Begin PBXFrameworksBuildPhase section */
		9B9C6C7D25EF7237008FC649 /* Frameworks */ = {
			isa = PBXFrameworksBuildPhase;
			buildActionMask = 2147483647;
			files = (
			);
			runOnlyForDeploymentPostprocessing = 0;
		};
/* End PBXFrameworksBuildPhase section */

/* Begin PBXGroup section */
		9B9C6C7625EF7237008FC649 = {
			isa = PBXGroup;
			children = (
				9B9C6C8225EF7237008FC649 /* YZLibyuv */,
				9B9C6C8125EF7237008FC649 /* Products */,
			);
			sourceTree = "<group>";
		};
		9B9C6C8125EF7237008FC649 /* Products */ = {
			isa = PBXGroup;
			children = (
				9B9C6C8025EF7237008FC649 /* YZLibyuv.framework */,
			);
			name = Products;
			sourceTree = "<group>";
		};
		9B9C6C8225EF7237008FC649 /* YZLibyuv */ = {
			isa = PBXGroup;
			children = (
				9B9C6D1725EF7370008FC649 /* YZLibyuv.h */,
				9B9C6D1825EF7370008FC649 /* YZLibyuv.m */,
				9B9C6D5425EF909B008FC649 /* Tool */,
				9B9C6C8D25EF7272008FC649 /* libyuv */,
				9B9C6C8425EF7237008FC649 /* Info.plist */,
			);
			path = YZLibyuv;
			sourceTree = "<group>";
		};
		9B9C6C8D25EF7272008FC649 /* libyuv */ = {
			isa = PBXGroup;
			children = (
				9B9C6C8F25EF7272008FC649 /* include */,
				9B9C6CA525EF7272008FC649 /* source */,
			);
			path = libyuv;
			sourceTree = "<group>";
		};
		9B9C6C8F25EF7272008FC649 /* include */ = {
			isa = PBXGroup;
			children = (
				9B9C6C9025EF7272008FC649 /* libyuv.h */,
				9B9C6C9125EF7272008FC649 /* libyuv */,
			);
			path = include;
			sourceTree = "<group>";
		};
		9B9C6C9125EF7272008FC649 /* libyuv */ = {
			isa = PBXGroup;
			children = (
				9B9C6C9225EF7272008FC649 /* scale_row.h */,
				9B9C6C9325EF7272008FC649 /* scale.h */,
				9B9C6C9425EF7272008FC649 /* version.h */,
				9B9C6C9525EF7272008FC649 /* cpu_id.h */,
				9B9C6C9625EF7272008FC649 /* video_common.h */,
				9B9C6C9725EF7272008FC649 /* compare_row.h */,
				9B9C6C9825EF7272008FC649 /* mjpeg_decoder.h */,
				9B9C6C9925EF7272008FC649 /* rotate_row.h */,
				9B9C6C9A25EF7272008FC649 /* planar_functions.h */,
				9B9C6C9B25EF7272008FC649 /* scale_argb.h */,
				9B9C6C9C25EF7272008FC649 /* compare.h */,
				9B9C6C9D25EF7272008FC649 /* convert_argb.h */,
				9B9C6C9E25EF7272008FC649 /* rotate.h */,
				9B9C6C9F25EF7272008FC649 /* convert_from_argb.h */,
				9B9C6CA025EF7272008FC649 /* basic_types.h */,
				9B9C6CA125EF7272008FC649 /* convert_from.h */,
				9B9C6CA225EF7272008FC649 /* convert.h */,
				9B9C6CA325EF7272008FC649 /* rotate_argb.h */,
				9B9C6CA425EF7272008FC649 /* row.h */,
			);
			path = libyuv;
			sourceTree = "<group>";
		};
		9B9C6CA525EF7272008FC649 /* source */ = {
			isa = PBXGroup;
			children = (
				9B9C6CA625EF7272008FC649 /* rotate_common.cc */,
				9B9C6CA725EF7272008FC649 /* rotate_any.cc */,
				9B9C6CA825EF7272008FC649 /* rotate.cc */,
				9B9C6CA925EF7272008FC649 /* scale_gcc.cc */,
				9B9C6CAA25EF7272008FC649 /* convert_jpeg.cc */,
				9B9C6CAB25EF7272008FC649 /* compare_win.cc */,
				9B9C6CAC25EF7272008FC649 /* cpu_id.cc */,
				9B9C6CAD25EF7272008FC649 /* row_win.cc */,
				9B9C6CAE25EF7272008FC649 /* mjpeg_decoder.cc */,
				9B9C6CAF25EF7272008FC649 /* row_neon.cc */,
				9B9C6CB025EF7272008FC649 /* rotate_neon64.cc */,
				9B9C6CB125EF7272008FC649 /* scale.cc */,
				9B9C6CB225EF7272008FC649 /* compare.cc */,
				9B9C6CB325EF7272008FC649 /* row_neon64.cc */,
				9B9C6CB425EF7272008FC649 /* convert_from_argb.cc */,
				9B9C6CB525EF7272008FC649 /* planar_functions.cc */,
				9B9C6CB625EF7272008FC649 /* convert_argb.cc */,
				9B9C6CB725EF7272008FC649 /* rotate_mips.cc */,
				9B9C6CB825EF7272008FC649 /* scale_mips.cc */,
				9B9C6CB925EF7272008FC649 /* row_common.cc */,
				9B9C6CBA25EF7272008FC649 /* scale_any.cc */,
				9B9C6CBB25EF7272008FC649 /* rotate_gcc.cc */,
				9B9C6CBC25EF7272008FC649 /* convert.cc */,
				9B9C6CBD25EF7272008FC649 /* convert_from.cc */,
				9B9C6CBE25EF7272008FC649 /* scale_common.cc */,
				9B9C6CBF25EF7272008FC649 /* row_mips.cc */,
				9B9C6CC025EF7272008FC649 /* row_any.cc */,
				9B9C6CC125EF7272008FC649 /* convert_to_argb.cc */,
				9B9C6CC225EF7272008FC649 /* compare_neon.cc */,
				9B9C6CC325EF7272008FC649 /* rotate_win.cc */,
				9B9C6CC425EF7272008FC649 /* scale_neon64.cc */,
				9B9C6CC525EF7272008FC649 /* mjpeg_validate.cc */,
				9B9C6CC625EF7272008FC649 /* scale_win.cc */,
				9B9C6CC725EF7272008FC649 /* compare_common.cc */,
				9B9C6CC825EF7272008FC649 /* scale_neon.cc */,
				9B9C6CC925EF7272008FC649 /* rotate_neon.cc */,
				9B9C6CCA25EF7272008FC649 /* video_common.cc */,
				9B9C6CCB25EF7272008FC649 /* convert_to_i420.cc */,
				9B9C6CCC25EF7272008FC649 /* row_gcc.cc */,
				9B9C6CCD25EF7272008FC649 /* rotate_argb.cc */,
				9B9C6CCE25EF7272008FC649 /* compare_gcc.cc */,
				9B9C6CCF25EF7272008FC649 /* compare_neon64.cc */,
				9B9C6CD025EF7272008FC649 /* scale_argb.cc */,
			);
			path = source;
			sourceTree = "<group>";
		};
		9B9C6D5425EF909B008FC649 /* Tool */ = {
			isa = PBXGroup;
			children = (
				9B9C6D6125EF92DA008FC649 /* PixelBuffer */,
				9B9C6D5525EF90B8008FC649 /* YZLibVideoData.h */,
				9B9C6D5625EF90B8008FC649 /* YZLibVideoData.m */,
				9B9C6D5C25EF92CE008FC649 /* YZLibyuvTool.h */,
				9B9C6D5D25EF92CE008FC649 /* YZLibyuvTool.mm */,
				9B9C6D6825EF9444008FC649 /* YZLibyuvPixelBuffer.h */,
				9B9C6D6925EF9444008FC649 /* YZLibyuvPixelBuffer.m */,
			);
			path = Tool;
			sourceTree = "<group>";
		};
		9B9C6D6125EF92DA008FC649 /* PixelBuffer */ = {
			isa = PBXGroup;
			children = (
				9B9C6D6225EF92FF008FC649 /* LibyuvBGRAPixelBuffer.h */,
				9B9C6D6325EF92FF008FC649 /* LibyuvBGRAPixelBuffer.m */,
				9BCACCEB25F0B515007307E5 /* LibyuvFullRangePixelBuffer.h */,
				9BCACCEC25F0B515007307E5 /* LibyuvFullRangePixelBuffer.m */,
				9BCACCF025F0C0D2007307E5 /* LibyuvVideoRangePixelBuffer.h */,
				9BCACCF125F0C0D2007307E5 /* LibyuvVideoRangePixelBuffer.m */,
			);
			path = PixelBuffer;
			sourceTree = "<group>";
		};
/* End PBXGroup section */

/* Begin PBXHeadersBuildPhase section */
		9B9C6C7B25EF7237008FC649 /* Headers */ = {
			isa = PBXHeadersBuildPhase;
			buildActionMask = 2147483647;
			files = (
				9B9C6D1925EF7370008FC649 /* YZLibyuv.h in Headers */,
				9B9C6D5725EF90B8008FC649 /* YZLibVideoData.h in Headers */,
				9B9C6CDA25EF7272008FC649 /* rotate_row.h in Headers */,
				9B9C6CD725EF7272008FC649 /* video_common.h in Headers */,
				9B9C6CDE25EF7272008FC649 /* convert_argb.h in Headers */,
				9B9C6CE525EF7272008FC649 /* row.h in Headers */,
				9B9C6D6A25EF9444008FC649 /* YZLibyuvPixelBuffer.h in Headers */,
				9B9C6CDB25EF7272008FC649 /* planar_functions.h in Headers */,
				9B9C6CDD25EF7272008FC649 /* compare.h in Headers */,
				9B9C6D6425EF92FF008FC649 /* LibyuvBGRAPixelBuffer.h in Headers */,
				9B9C6D5E25EF92CE008FC649 /* YZLibyuvTool.h in Headers */,
				9B9C6CD825EF7272008FC649 /* compare_row.h in Headers */,
				9B9C6CE125EF7272008FC649 /* basic_types.h in Headers */,
				9BCACCF225F0C0D2007307E5 /* LibyuvVideoRangePixelBuffer.h in Headers */,
				9BCACCED25F0B515007307E5 /* LibyuvFullRangePixelBuffer.h in Headers */,
				9B9C6CD525EF7272008FC649 /* version.h in Headers */,
				9B9C6CDC25EF7272008FC649 /* scale_argb.h in Headers */,
				9B9C6CE025EF7272008FC649 /* convert_from_argb.h in Headers */,
				9B9C6CE325EF7272008FC649 /* convert.h in Headers */,
				9B9C6CDF25EF7272008FC649 /* rotate.h in Headers */,
				9B9C6CE425EF7272008FC649 /* rotate_argb.h in Headers */,
				9B9C6CD925EF7272008FC649 /* mjpeg_decoder.h in Headers */,
				9B9C6CD625EF7272008FC649 /* cpu_id.h in Headers */,
				9B9C6CD425EF7272008FC649 /* scale.h in Headers */,
				9B9C6CD325EF7272008FC649 /* scale_row.h in Headers */,
				9B9C6CE225EF7272008FC649 /* convert_from.h in Headers */,
				9B9C6CD225EF7272008FC649 /* libyuv.h in Headers */,
			);
			runOnlyForDeploymentPostprocessing = 0;
		};
/* End PBXHeadersBuildPhase section */

/* Begin PBXNativeTarget section */
		9B9C6C7F25EF7237008FC649 /* YZLibyuv */ = {
			isa = PBXNativeTarget;
			buildConfigurationList = 9B9C6C8825EF7237008FC649 /* Build configuration list for PBXNativeTarget "YZLibyuv" */;
			buildPhases = (
				9B9C6C7B25EF7237008FC649 /* Headers */,
				9B9C6C7C25EF7237008FC649 /* Sources */,
				9B9C6C7D25EF7237008FC649 /* Frameworks */,
				9B9C6C7E25EF7237008FC649 /* Resources */,
			);
			buildRules = (
			);
			dependencies = (
			);
			name = YZLibyuv;
			productName = YZLibyuv;
			productReference = 9B9C6C8025EF7237008FC649 /* YZLibyuv.framework */;
			productType = "com.apple.product-type.framework";
		};
/* End PBXNativeTarget section */

/* Begin PBXProject section */
		9B9C6C7725EF7237008FC649 /* Project object */ = {
			isa = PBXProject;
			attributes = {
				LastUpgradeCheck = 1230;
				TargetAttributes = {
					9B9C6C7F25EF7237008FC649 = {
						CreatedOnToolsVersion = 12.3;
					};
				};
			};
			buildConfigurationList = 9B9C6C7A25EF7237008FC649 /* Build configuration list for PBXProject "YZLibyuv" */;
			compatibilityVersion = "Xcode 9.3";
			developmentRegion = en;
			hasScannedForEncodings = 0;
			knownRegions = (
				en,
				Base,
			);
			mainGroup = 9B9C6C7625EF7237008FC649;
			productRefGroup = 9B9C6C8125EF7237008FC649 /* Products */;
			projectDirPath = "";
			projectRoot = "";
			targets = (
				9B9C6C7F25EF7237008FC649 /* YZLibyuv */,
			);
		};
/* End PBXProject section */

/* Begin PBXResourcesBuildPhase section */
		9B9C6C7E25EF7237008FC649 /* Resources */ = {
			isa = PBXResourcesBuildPhase;
			buildActionMask = 2147483647;
			files = (
			);
			runOnlyForDeploymentPostprocessing = 0;
		};
/* End PBXResourcesBuildPhase section */

/* Begin PBXSourcesBuildPhase section */
		9B9C6C7C25EF7237008FC649 /* Sources */ = {
			isa = PBXSourcesBuildPhase;
			buildActionMask = 2147483647;
			files = (
				9B9C6D0725EF7273008FC649 /* compare_common.cc in Sources */,
				9B9C6CEA25EF7272008FC649 /* convert_jpeg.cc in Sources */,
				9B9C6D0525EF7273008FC649 /* mjpeg_validate.cc in Sources */,
				9B9C6D0F25EF7273008FC649 /* compare_neon64.cc in Sources */,
				9B9C6D0B25EF7273008FC649 /* convert_to_i420.cc in Sources */,
				9B9C6CF925EF7272008FC649 /* row_common.cc in Sources */,
				9B9C6D0925EF7273008FC649 /* rotate_neon.cc in Sources */,
				9B9C6D5F25EF92CE008FC649 /* YZLibyuvTool.mm in Sources */,
				9B9C6D0425EF7272008FC649 /* scale_neon64.cc in Sources */,
				9B9C6CE925EF7272008FC649 /* scale_gcc.cc in Sources */,
				9B9C6D6B25EF9444008FC649 /* YZLibyuvPixelBuffer.m in Sources */,
				9B9C6D1025EF7273008FC649 /* scale_argb.cc in Sources */,
				9B9C6CFC25EF7272008FC649 /* convert.cc in Sources */,
				9BCACCF325F0C0D2007307E5 /* LibyuvVideoRangePixelBuffer.m in Sources */,
				9B9C6CE825EF7272008FC649 /* rotate.cc in Sources */,
				9BCACCEE25F0B515007307E5 /* LibyuvFullRangePixelBuffer.m in Sources */,
				9B9C6CF725EF7272008FC649 /* rotate_mips.cc in Sources */,
				9B9C6D0625EF7273008FC649 /* scale_win.cc in Sources */,
				9B9C6D0D25EF7273008FC649 /* rotate_argb.cc in Sources */,
				9B9C6CFE25EF7272008FC649 /* scale_common.cc in Sources */,
				9B9C6CEE25EF7272008FC649 /* mjpeg_decoder.cc in Sources */,
				9B9C6CF025EF7272008FC649 /* rotate_neon64.cc in Sources */,
				9B9C6D0A25EF7273008FC649 /* video_common.cc in Sources */,
				9B9C6D0E25EF7273008FC649 /* compare_gcc.cc in Sources */,
				9B9C6CED25EF7272008FC649 /* row_win.cc in Sources */,
				9B9C6CFB25EF7272008FC649 /* rotate_gcc.cc in Sources */,
				9B9C6CE625EF7272008FC649 /* rotate_common.cc in Sources */,
				9B9C6D1A25EF7370008FC649 /* YZLibyuv.m in Sources */,
				9B9C6D0025EF7272008FC649 /* row_any.cc in Sources */,
				9B9C6D0325EF7272008FC649 /* rotate_win.cc in Sources */,
				9B9C6D0225EF7272008FC649 /* compare_neon.cc in Sources */,
				9B9C6D0C25EF7273008FC649 /* row_gcc.cc in Sources */,
				9B9C6CF225EF7272008FC649 /* compare.cc in Sources */,
				9B9C6D5825EF90B8008FC649 /* YZLibVideoData.m in Sources */,
				9B9C6D0825EF7273008FC649 /* scale_neon.cc in Sources */,
				9B9C6CFA25EF7272008FC649 /* scale_any.cc in Sources */,
				9B9C6CEB25EF7272008FC649 /* compare_win.cc in Sources */,
				9B9C6CF125EF7272008FC649 /* scale.cc in Sources */,
				9B9C6CF425EF7272008FC649 /* convert_from_argb.cc in Sources */,
				9B9C6D6525EF92FF008FC649 /* LibyuvBGRAPixelBuffer.m in Sources */,
				9B9C6CFF25EF7272008FC649 /* row_mips.cc in Sources */,
				9B9C6CF325EF7272008FC649 /* row_neon64.cc in Sources */,
				9B9C6D0125EF7272008FC649 /* convert_to_argb.cc in Sources */,
				9B9C6CE725EF7272008FC649 /* rotate_any.cc in Sources */,
				9B9C6CF525EF7272008FC649 /* planar_functions.cc in Sources */,
				9B9C6CF625EF7272008FC649 /* convert_argb.cc in Sources */,
				9B9C6CF825EF7272008FC649 /* scale_mips.cc in Sources */,
				9B9C6CEF25EF7272008FC649 /* row_neon.cc in Sources */,
				9B9C6CEC25EF7272008FC649 /* cpu_id.cc in Sources */,
				9B9C6CFD25EF7272008FC649 /* convert_from.cc in Sources */,
			);
			runOnlyForDeploymentPostprocessing = 0;
		};
/* End PBXSourcesBuildPhase section */

/* Begin XCBuildConfiguration section */
		9B9C6C8625EF7237008FC649 /* Debug */ = {
			isa = XCBuildConfiguration;
			buildSettings = {
				ALWAYS_SEARCH_USER_PATHS = NO;
				CLANG_ANALYZER_NONNULL = YES;
				CLANG_ANALYZER_NUMBER_OBJECT_CONVERSION = YES_AGGRESSIVE;
				CLANG_CXX_LANGUAGE_STANDARD = "gnu++14";
				CLANG_CXX_LIBRARY = "libc++";
				CLANG_ENABLE_MODULES = YES;
				CLANG_ENABLE_OBJC_ARC = YES;
				CLANG_ENABLE_OBJC_WEAK = YES;
				CLANG_WARN_BLOCK_CAPTURE_AUTORELEASING = YES;
				CLANG_WARN_BOOL_CONVERSION = YES;
				CLANG_WARN_COMMA = YES;
				CLANG_WARN_CONSTANT_CONVERSION = YES;
				CLANG_WARN_DEPRECATED_OBJC_IMPLEMENTATIONS = YES;
				CLANG_WARN_DIRECT_OBJC_ISA_USAGE = YES_ERROR;
				CLANG_WARN_DOCUMENTATION_COMMENTS = YES;
				CLANG_WARN_EMPTY_BODY = YES;
				CLANG_WARN_ENUM_CONVERSION = YES;
				CLANG_WARN_INFINITE_RECURSION = YES;
				CLANG_WARN_INT_CONVERSION = YES;
				CLANG_WARN_NON_LITERAL_NULL_CONVERSION = YES;
				CLANG_WARN_OBJC_IMPLICIT_RETAIN_SELF = YES;
				CLANG_WARN_OBJC_LITERAL_CONVERSION = YES;
				CLANG_WARN_OBJC_ROOT_CLASS = YES_ERROR;
				CLANG_WARN_QUOTED_INCLUDE_IN_FRAMEWORK_HEADER = YES;
				CLANG_WARN_RANGE_LOOP_ANALYSIS = YES;
				CLANG_WARN_STRICT_PROTOTYPES = YES;
				CLANG_WARN_SUSPICIOUS_MOVE = YES;
				CLANG_WARN_UNGUARDED_AVAILABILITY = YES_AGGRESSIVE;
				CLANG_WARN_UNREACHABLE_CODE = YES;
				CLANG_WARN__DUPLICATE_METHOD_MATCH = YES;
				COPY_PHASE_STRIP = NO;
				CURRENT_PROJECT_VERSION = 1;
				DEBUG_INFORMATION_FORMAT = dwarf;
				ENABLE_STRICT_OBJC_MSGSEND = YES;
				ENABLE_TESTABILITY = YES;
				GCC_C_LANGUAGE_STANDARD = gnu11;
				GCC_DYNAMIC_NO_PIC = NO;
				GCC_NO_COMMON_BLOCKS = YES;
				GCC_OPTIMIZATION_LEVEL = 0;
				GCC_PREPROCESSOR_DEFINITIONS = (
					"DEBUG=1",
					"$(inherited)",
				);
				GCC_WARN_64_TO_32_BIT_CONVERSION = YES;
				GCC_WARN_ABOUT_RETURN_TYPE = YES_ERROR;
				GCC_WARN_UNDECLARED_SELECTOR = YES;
				GCC_WARN_UNINITIALIZED_AUTOS = YES_AGGRESSIVE;
				GCC_WARN_UNUSED_FUNCTION = YES;
				GCC_WARN_UNUSED_VARIABLE = YES;
				IPHONEOS_DEPLOYMENT_TARGET = 14.3;
				MTL_ENABLE_DEBUG_INFO = INCLUDE_SOURCE;
				MTL_FAST_MATH = YES;
				ONLY_ACTIVE_ARCH = YES;
				SDKROOT = iphoneos;
				VERSIONING_SYSTEM = "apple-generic";
				VERSION_INFO_PREFIX = "";
			};
			name = Debug;
		};
		9B9C6C8725EF7237008FC649 /* Release */ = {
			isa = XCBuildConfiguration;
			buildSettings = {
				ALWAYS_SEARCH_USER_PATHS = NO;
				CLANG_ANALYZER_NONNULL = YES;
				CLANG_ANALYZER_NUMBER_OBJECT_CONVERSION = YES_AGGRESSIVE;
				CLANG_CXX_LANGUAGE_STANDARD = "gnu++14";
				CLANG_CXX_LIBRARY = "libc++";
				CLANG_ENABLE_MODULES = YES;
				CLANG_ENABLE_OBJC_ARC = YES;
				CLANG_ENABLE_OBJC_WEAK = YES;
				CLANG_WARN_BLOCK_CAPTURE_AUTORELEASING = YES;
				CLANG_WARN_BOOL_CONVERSION = YES;
				CLANG_WARN_COMMA = YES;
				CLANG_WARN_CONSTANT_CONVERSION = YES;
				CLANG_WARN_DEPRECATED_OBJC_IMPLEMENTATIONS = YES;
				CLANG_WARN_DIRECT_OBJC_ISA_USAGE = YES_ERROR;
				CLANG_WARN_DOCUMENTATION_COMMENTS = YES;
				CLANG_WARN_EMPTY_BODY = YES;
				CLANG_WARN_ENUM_CONVERSION = YES;
				CLANG_WARN_INFINITE_RECURSION = YES;
				CLANG_WARN_INT_CONVERSION = YES;
				CLANG_WARN_NON_LITERAL_NULL_CONVERSION = YES;
				CLANG_WARN_OBJC_IMPLICIT_RETAIN_SELF = YES;
				CLANG_WARN_OBJC_LITERAL_CONVERSION = YES;
				CLANG_WARN_OBJC_ROOT_CLASS = YES_ERROR;
				CLANG_WARN_QUOTED_INCLUDE_IN_FRAMEWORK_HEADER = YES;
				CLANG_WARN_RANGE_LOOP_ANALYSIS = YES;
				CLANG_WARN_STRICT_PROTOTYPES = YES;
				CLANG_WARN_SUSPICIOUS_MOVE = YES;
				CLANG_WARN_UNGUARDED_AVAILABILITY = YES_AGGRESSIVE;
				CLANG_WARN_UNREACHABLE_CODE = YES;
				CLANG_WARN__DUPLICATE_METHOD_MATCH = YES;
				COPY_PHASE_STRIP = NO;
				CURRENT_PROJECT_VERSION = 1;
				DEBUG_INFORMATION_FORMAT = "dwarf-with-dsym";
				ENABLE_NS_ASSERTIONS = NO;
				ENABLE_STRICT_OBJC_MSGSEND = YES;
				GCC_C_LANGUAGE_STANDARD = gnu11;
				GCC_NO_COMMON_BLOCKS = YES;
				GCC_WARN_64_TO_32_BIT_CONVERSION = YES;
				GCC_WARN_ABOUT_RETURN_TYPE = YES_ERROR;
				GCC_WARN_UNDECLARED_SELECTOR = YES;
				GCC_WARN_UNINITIALIZED_AUTOS = YES_AGGRESSIVE;
				GCC_WARN_UNUSED_FUNCTION = YES;
				GCC_WARN_UNUSED_VARIABLE = YES;
				IPHONEOS_DEPLOYMENT_TARGET = 14.3;
				MTL_ENABLE_DEBUG_INFO = NO;
				MTL_FAST_MATH = YES;
				SDKROOT = iphoneos;
				VALIDATE_PRODUCT = YES;
				VERSIONING_SYSTEM = "apple-generic";
				VERSION_INFO_PREFIX = "";
			};
			name = Release;
		};
		9B9C6C8925EF7237008FC649 /* Debug */ = {
			isa = XCBuildConfiguration;
			buildSettings = {
				CODE_SIGN_STYLE = Automatic;
				CONFIGURATION_BUILD_DIR = "$(SRCROOT)/../YZBGRAShow/LibYUV";
				DEFINES_MODULE = YES;
				DYLIB_COMPATIBILITY_VERSION = 1;
				DYLIB_CURRENT_VERSION = 1;
				DYLIB_INSTALL_NAME_BASE = "@rpath";
				HEADER_SEARCH_PATHS = "\"$SRCROOT/YZLibyuv/libyuv/include\"";
				INFOPLIST_FILE = YZLibyuv/Info.plist;
				INSTALL_PATH = "$(LOCAL_LIBRARY_DIR)/Frameworks";
				IPHONEOS_DEPLOYMENT_TARGET = 9.0;
				LD_RUNPATH_SEARCH_PATHS = (
					"$(inherited)",
					"@executable_path/Frameworks",
					"@loader_path/Frameworks",
				);
				MACH_O_TYPE = staticlib;
				ONLY_ACTIVE_ARCH = NO;
				PRODUCT_BUNDLE_IDENTIFIER = yanzhen.YZLibyuv;
				PRODUCT_NAME = "$(TARGET_NAME:c99extidentifier)";
				SKIP_INSTALL = YES;
				SUPPORTS_MACCATALYST = NO;
				TARGETED_DEVICE_FAMILY = "1,2";
			};
			name = Debug;
		};
		9B9C6C8A25EF7237008FC649 /* Release */ = {
			isa = XCBuildConfiguration;
			buildSettings = {
				CODE_SIGN_STYLE = Automatic;
				CONFIGURATION_BUILD_DIR = "$(SRCROOT)/../YZBGRAShow/LibYUV";
				DEFINES_MODULE = YES;
				DYLIB_COMPATIBILITY_VERSION = 1;
				DYLIB_CURRENT_VERSION = 1;
				DYLIB_INSTALL_NAME_BASE = "@rpath";
				HEADER_SEARCH_PATHS = "\"$SRCROOT/YZLibyuv/libyuv/include\"";
				INFOPLIST_FILE = YZLibyuv/Info.plist;
				INSTALL_PATH = "$(LOCAL_LIBRARY_DIR)/Frameworks";
				IPHONEOS_DEPLOYMENT_TARGET = 9.0;
				LD_RUNPATH_SEARCH_PATHS = (
					"$(inherited)",
					"@executable_path/Frameworks",
					"@loader_path/Frameworks",
				);
				MACH_O_TYPE = staticlib;
				ONLY_ACTIVE_ARCH = NO;
				PRODUCT_BUNDLE_IDENTIFIER = yanzhen.YZLibyuv;
				PRODUCT_NAME = "$(TARGET_NAME:c99extidentifier)";
				SKIP_INSTALL = YES;
				SUPPORTS_MACCATALYST = NO;
				TARGETED_DEVICE_FAMILY = "1,2";
			};
			name = Release;
		};
/* End XCBuildConfiguration section */

/* Begin XCConfigurationList section */
		9B9C6C7A25EF7237008FC649 /* Build configuration list for PBXProject "YZLibyuv" */ = {
			isa = XCConfigurationList;
			buildConfigurations = (
				9B9C6C8625EF7237008FC649 /* Debug */,
				9B9C6C8725EF7237008FC649 /* Release */,
			);
			defaultConfigurationIsVisible = 0;
			defaultConfigurationName = Release;
		};
		9B9C6C8825EF7237008FC649 /* Build configuration list for PBXNativeTarget "YZLibyuv" */ = {
			isa = XCConfigurationList;
			buildConfigurations = (
				9B9C6C8925EF7237008FC649 /* Debug */,
				9B9C6C8A25EF7237008FC649 /* Release */,
			);
			defaultConfigurationIsVisible = 0;
			defaultConfigurationName = Release;
		};
/* End XCConfigurationList section */
	};
	rootObject = 9B9C6C7725EF7237008FC649 /* Project object */;
}
